
Microsoft Visual Studio Solution File, Format Version 12.00
# Visual Studio Version 17
VisualStudioVersion = 17.5.33502.453
MinimumVisualStudioVersion = 10.0.40219.1
Project("{FAE04EC0-301F-11D3-BF4B-00C04F79EFBC}") = "MatrizenrechnerWpfApp", "MatrizenrechnerWpfApp.csproj", "{1B6D5626-3125-482A-BDCA-12028B9516A5}"
EndProject
Global
	GlobalSection(SolutionConfigurationPlatforms) = preSolution
		Debug|Any CPU = Debug|Any CPU
		Release|Any CPU = Release|Any CPU
	EndGlobalSection
	GlobalSection(ProjectConfigurationPlatforms) = postSolution
		{1B6D5626-3125-482A-BDCA-12028B9516A5}.Debug|Any CPU.ActiveCfg = Debug|Any CPU
		{1B6D5626-3125-482A-BDCA-12028B9516A5}.Debug|Any CPU.Build.0 = Debug|Any CPU
		{1B6D5626-3125-482A-BDCA-12028B9516A5}.Release|Any CPU.ActiveCfg = Release|Any CPU
		{1B6D5626-3125-482A-BDCA-12028B9516A5}.Release|Any CPU.Build.0 = Release|Any CPU
	EndGlobalSection
	GlobalSection(SolutionProperties) = preSolution
		HideSolutionNode = FALSE
	EndGlobalSection
	GlobalSection(ExtensibilityGlobals) = postSolution
		SolutionGuid = {06E2B27A-32DD-422D-A2BD-6B8606634256}
	EndGlobalSection
EndGlobal
